// !$*UTF8*$!
{
	archiveVersion = 1;
	classes = {
	};
	objectVersion = 56;
	objects = {

/* Begin PBXBuildFile section */
		1D0D70592A586AD2006431DC /* test.swift in Sources */ = {isa = PBXBuildFile; fileRef = 1D0D70582A586AD2006431DC /* test.swift */; };
		1D0D705B2A586B7A006431DC /* UIView.swift in Sources */ = {isa = PBXBuildFile; fileRef = 1D0D705A2A586B7A006431DC /* UIView.swift */; };
		1D16D3A02A536D1A00E3D8A3 /* HomeViewController.swift in Sources */ = {isa = PBXBuildFile; fileRef = 1D16D39F2A536D1A00E3D8A3 /* HomeViewController.swift */; };
		1D16D3E92A5444AA00E3D8A3 /* SwitchPlayer.swift in Sources */ = {isa = PBXBuildFile; fileRef = 1D16D3E82A5444AA00E3D8A3 /* SwitchPlayer.swift */; };
		1D1879F62A2CC8AA00827277 /* AppDelegate.swift in Sources */ = {isa = PBXBuildFile; fileRef = 1D1879F52A2CC8AA00827277 /* AppDelegate.swift */; };
		1D1879F82A2CC8AA00827277 /* SceneDelegate.swift in Sources */ = {isa = PBXBuildFile; fileRef = 1D1879F72A2CC8AA00827277 /* SceneDelegate.swift */; };
		1D1879FA2A2CC8AA00827277 /* ViewController.swift in Sources */ = {isa = PBXBuildFile; fileRef = 1D1879F92A2CC8AA00827277 /* ViewController.swift */; };
		1D1879FD2A2CC8AA00827277 /* Main.storyboard in Resources */ = {isa = PBXBuildFile; fileRef = 1D1879FB2A2CC8AA00827277 /* Main.storyboard */; };
		1D187A002A2CC8AA00827277 /* BingePodcast.xcdatamodeld in Sources */ = {isa = PBXBuildFile; fileRef = 1D1879FE2A2CC8AA00827277 /* BingePodcast.xcdatamodeld */; };
		1D187A022A2CC8AD00827277 /* Assets.xcassets in Resources */ = {isa = PBXBuildFile; fileRef = 1D187A012A2CC8AD00827277 /* Assets.xcassets */; };
		1D187A052A2CC8AD00827277 /* LaunchScreen.storyboard in Resources */ = {isa = PBXBuildFile; fileRef = 1D187A032A2CC8AD00827277 /* LaunchScreen.storyboard */; };
		1D187A102A2CC8AE00827277 /* BingePodcastTests.swift in Sources */ = {isa = PBXBuildFile; fileRef = 1D187A0F2A2CC8AE00827277 /* BingePodcastTests.swift */; };
		1D187A1A2A2CC8AE00827277 /* BingePodcastUITests.swift in Sources */ = {isa = PBXBuildFile; fileRef = 1D187A192A2CC8AE00827277 /* BingePodcastUITests.swift */; };
		1D187A1C2A2CC8AE00827277 /* BingePodcastUITestsLaunchTests.swift in Sources */ = {isa = PBXBuildFile; fileRef = 1D187A1B2A2CC8AE00827277 /* BingePodcastUITestsLaunchTests.swift */; };
		1D55E1E52A3DCF9100F1A9BD /* TestViewController.swift in Sources */ = {isa = PBXBuildFile; fileRef = 1D55E1E42A3DCF9100F1A9BD /* TestViewController.swift */; };
		1D55E2902A408B2200F1A9BD /* Constants.swift in Sources */ = {isa = PBXBuildFile; fileRef = 1D55E28F2A408B2200F1A9BD /* Constants.swift */; };
		1D55E2922A409CB000F1A9BD /* UIButton.swift in Sources */ = {isa = PBXBuildFile; fileRef = 1D55E2912A409CB000F1A9BD /* UIButton.swift */; };
		1D55E2942A40B3D400F1A9BD /* UIImage.swift in Sources */ = {isa = PBXBuildFile; fileRef = 1D55E2932A40B3D400F1A9BD /* UIImage.swift */; };
		1D55E2962A4119AC00F1A9BD /* UILabel.swift in Sources */ = {isa = PBXBuildFile; fileRef = 1D55E2952A4119AC00F1A9BD /* UILabel.swift */; };
		1D973A6B2A3A875F0027AC75 /* PlayerModel.swift in Sources */ = {isa = PBXBuildFile; fileRef = 1D973A6A2A3A875F0027AC75 /* PlayerModel.swift */; };
		1D973A6D2A3A87800027AC75 /* Delegate.swift in Sources */ = {isa = PBXBuildFile; fileRef = 1D973A6C2A3A87800027AC75 /* Delegate.swift */; };
		1D986A962A2DEB0100D26CEB /* Colors.xcassets in Resources */ = {isa = PBXBuildFile; fileRef = 1D986A952A2DEB0100D26CEB /* Colors.xcassets */; };
		1D986A9F2A2DEF7600D26CEB /* Colors.gen.swift in Sources */ = {isa = PBXBuildFile; fileRef = 1D986A9D2A2DEF7600D26CEB /* Colors.gen.swift */; };
		1D986AA02A2DEF7600D26CEB /* Assets.gen.swift in Sources */ = {isa = PBXBuildFile; fileRef = 1D986A9E2A2DEF7600D26CEB /* Assets.gen.swift */; };
		1D986AA42A2DF33F00D26CEB /* Strings.strings in Resources */ = {isa = PBXBuildFile; fileRef = 1D986AA32A2DF33F00D26CEB /* Strings.strings */; };
		1D986AA62A2DFF0E00D26CEB /* Strings.gen.swift in Sources */ = {isa = PBXBuildFile; fileRef = 1D986AA52A2DFF0E00D26CEB /* Strings.gen.swift */; };
		1D986AB12A2E120600D26CEB /* GoogleService-Info.plist in Resources */ = {isa = PBXBuildFile; fileRef = 1D986AB02A2E120500D26CEB /* GoogleService-Info.plist */; };
		1D986AB42A2E151900D26CEB /* FirebaseAnalytics in Frameworks */ = {isa = PBXBuildFile; productRef = 1D986AB32A2E151900D26CEB /* FirebaseAnalytics */; };
		1D986AB62A2E151900D26CEB /* FirebaseAnalyticsOnDeviceConversion in Frameworks */ = {isa = PBXBuildFile; productRef = 1D986AB52A2E151900D26CEB /* FirebaseAnalyticsOnDeviceConversion */; };
		1D986AB82A2E151900D26CEB /* FirebaseAnalyticsSwift in Frameworks */ = {isa = PBXBuildFile; productRef = 1D986AB72A2E151900D26CEB /* FirebaseAnalyticsSwift */; };
		1D986ABA2A2E151900D26CEB /* FirebaseAnalyticsWithoutAdIdSupport in Frameworks */ = {isa = PBXBuildFile; productRef = 1D986AB92A2E151900D26CEB /* FirebaseAnalyticsWithoutAdIdSupport */; };
		1D986ABC2A2E151900D26CEB /* FirebaseAppCheck in Frameworks */ = {isa = PBXBuildFile; productRef = 1D986ABB2A2E151900D26CEB /* FirebaseAppCheck */; };
		1D986ABE2A2E151900D26CEB /* FirebaseAppDistribution-Beta in Frameworks */ = {isa = PBXBuildFile; productRef = 1D986ABD2A2E151900D26CEB /* FirebaseAppDistribution-Beta */; };
		1D986AC02A2E151900D26CEB /* FirebaseAuth in Frameworks */ = {isa = PBXBuildFile; productRef = 1D986ABF2A2E151900D26CEB /* FirebaseAuth */; };
		1D986AC22A2E151900D26CEB /* FirebaseAuthCombine-Community in Frameworks */ = {isa = PBXBuildFile; productRef = 1D986AC12A2E151900D26CEB /* FirebaseAuthCombine-Community */; };
		1D986AC42A2E151900D26CEB /* FirebaseCrashlytics in Frameworks */ = {isa = PBXBuildFile; productRef = 1D986AC32A2E151900D26CEB /* FirebaseCrashlytics */; };
		1D986AC62A2E151900D26CEB /* FirebaseDatabase in Frameworks */ = {isa = PBXBuildFile; productRef = 1D986AC52A2E151900D26CEB /* FirebaseDatabase */; };
		1D986AC82A2E151900D26CEB /* FirebaseDatabaseSwift in Frameworks */ = {isa = PBXBuildFile; productRef = 1D986AC72A2E151900D26CEB /* FirebaseDatabaseSwift */; };
		1D986ACA2A2E151900D26CEB /* FirebaseDynamicLinks in Frameworks */ = {isa = PBXBuildFile; productRef = 1D986AC92A2E151900D26CEB /* FirebaseDynamicLinks */; };
		1D986ACC2A2E151900D26CEB /* FirebaseFirestore in Frameworks */ = {isa = PBXBuildFile; productRef = 1D986ACB2A2E151900D26CEB /* FirebaseFirestore */; };
		1D986ACE2A2E151900D26CEB /* FirebaseFirestoreCombine-Community in Frameworks */ = {isa = PBXBuildFile; productRef = 1D986ACD2A2E151900D26CEB /* FirebaseFirestoreCombine-Community */; };
		1D986AD02A2E151900D26CEB /* FirebaseFirestoreSwift in Frameworks */ = {isa = PBXBuildFile; productRef = 1D986ACF2A2E151900D26CEB /* FirebaseFirestoreSwift */; };
		1D986AD22A2E151900D26CEB /* FirebaseFunctions in Frameworks */ = {isa = PBXBuildFile; productRef = 1D986AD12A2E151900D26CEB /* FirebaseFunctions */; };
		1D986AD42A2E151900D26CEB /* FirebaseFunctionsCombine-Community in Frameworks */ = {isa = PBXBuildFile; productRef = 1D986AD32A2E151900D26CEB /* FirebaseFunctionsCombine-Community */; };
		1D986AD62A2E151900D26CEB /* FirebaseInAppMessaging-Beta in Frameworks */ = {isa = PBXBuildFile; productRef = 1D986AD52A2E151900D26CEB /* FirebaseInAppMessaging-Beta */; };
		1D986AD82A2E151900D26CEB /* FirebaseInAppMessagingSwift-Beta in Frameworks */ = {isa = PBXBuildFile; productRef = 1D986AD72A2E151900D26CEB /* FirebaseInAppMessagingSwift-Beta */; };
		1D986ADA2A2E151900D26CEB /* FirebaseInstallations in Frameworks */ = {isa = PBXBuildFile; productRef = 1D986AD92A2E151900D26CEB /* FirebaseInstallations */; };
		1D986ADC2A2E151900D26CEB /* FirebaseMLModelDownloader in Frameworks */ = {isa = PBXBuildFile; productRef = 1D986ADB2A2E151900D26CEB /* FirebaseMLModelDownloader */; };
		1D986ADE2A2E151900D26CEB /* FirebaseMessaging in Frameworks */ = {isa = PBXBuildFile; productRef = 1D986ADD2A2E151900D26CEB /* FirebaseMessaging */; };
		1D986AE02A2E151900D26CEB /* FirebasePerformance in Frameworks */ = {isa = PBXBuildFile; productRef = 1D986ADF2A2E151900D26CEB /* FirebasePerformance */; };
		1D986AE22A2E151900D26CEB /* FirebaseRemoteConfig in Frameworks */ = {isa = PBXBuildFile; productRef = 1D986AE12A2E151900D26CEB /* FirebaseRemoteConfig */; };
		1D986AE42A2E151900D26CEB /* FirebaseRemoteConfigSwift in Frameworks */ = {isa = PBXBuildFile; productRef = 1D986AE32A2E151900D26CEB /* FirebaseRemoteConfigSwift */; };
		1D986AE62A2E151900D26CEB /* FirebaseStorage in Frameworks */ = {isa = PBXBuildFile; productRef = 1D986AE52A2E151900D26CEB /* FirebaseStorage */; };
		1D986AE82A2E151900D26CEB /* FirebaseStorageCombine-Community in Frameworks */ = {isa = PBXBuildFile; productRef = 1D986AE72A2E151900D26CEB /* FirebaseStorageCombine-Community */; };
		1DA63F0E2A41F65B0013BB86 /* UIString.swift in Sources */ = {isa = PBXBuildFile; fileRef = 1DA63F0D2A41F65B0013BB86 /* UIString.swift */; };
		1DA63F102A41F79D0013BB86 /* UIFloat.swift in Sources */ = {isa = PBXBuildFile; fileRef = 1DA63F0F2A41F79D0013BB86 /* UIFloat.swift */; };
		1DA63F1A2A420F660013BB86 /* UIViewController.swift in Sources */ = {isa = PBXBuildFile; fileRef = 1DA63F192A420F660013BB86 /* UIViewController.swift */; };
		1DC25BBB2A4266FD0024CD41 /* ProximaNova-Thin.otf in Resources */ = {isa = PBXBuildFile; fileRef = 1DC25BB22A4266FC0024CD41 /* ProximaNova-Thin.otf */; };
		1DC25BBC2A4266FD0024CD41 /* ProximaNova-Alt-Thin.otf in Resources */ = {isa = PBXBuildFile; fileRef = 1DC25BB32A4266FC0024CD41 /* ProximaNova-Alt-Thin.otf */; };
		1DC25BBD2A4266FD0024CD41 /* ProximaNova-Sbold.ttf in Resources */ = {isa = PBXBuildFile; fileRef = 1DC25BB42A4266FC0024CD41 /* ProximaNova-Sbold.ttf */; };
		1DC25BBE2A4266FD0024CD41 /* ProximaNova-Extrabold.otf in Resources */ = {isa = PBXBuildFile; fileRef = 1DC25BB52A4266FC0024CD41 /* ProximaNova-Extrabold.otf */; };
		1DC25BBF2A4266FD0024CD41 /* ProximaNova-Regular.otf in Resources */ = {isa = PBXBuildFile; fileRef = 1DC25BB62A4266FC0024CD41 /* ProximaNova-Regular.otf */; };
		1DC25BC02A4266FD0024CD41 /* ProximaNova-Alt-Bold.otf in Resources */ = {isa = PBXBuildFile; fileRef = 1DC25BB72A4266FC0024CD41 /* ProximaNova-Alt-Bold.otf */; };
		1DC25BC12A4266FD0024CD41 /* ProximaNova-Alt-Light.otf in Resources */ = {isa = PBXBuildFile; fileRef = 1DC25BB82A4266FC0024CD41 /* ProximaNova-Alt-Light.otf */; };
		1DC25BC22A4266FD0024CD41 /* ProximaNova-Black.otf in Resources */ = {isa = PBXBuildFile; fileRef = 1DC25BB92A4266FC0024CD41 /* ProximaNova-Black.otf */; };
		1DC25BC32A4266FD0024CD41 /* ProximaNova-Bold.otf in Resources */ = {isa = PBXBuildFile; fileRef = 1DC25BBA2A4266FD0024CD41 /* ProximaNova-Bold.otf */; };
		1DC3F5002A3A7A86007F4AC8 /* PlayerViewController.swift in Sources */ = {isa = PBXBuildFile; fileRef = 1DC3F4FF2A3A7A86007F4AC8 /* PlayerViewController.swift */; };
		1DCA9ECE2A35FD22008ED92E /* PlayerAudioService.swift in Sources */ = {isa = PBXBuildFile; fileRef = 1DCA9ECD2A35FD22008ED92E /* PlayerAudioService.swift */; };
		1DD7263A2A45D86400CD6D16 /* TestTabBarViewController.swift in Sources */ = {isa = PBXBuildFile; fileRef = 1DD726392A45D86400CD6D16 /* TestTabBarViewController.swift */; };
		1EDD35B0FB92C7A3C47366EF /* Pods_BingePodcast.framework in Frameworks */ = {isa = PBXBuildFile; fileRef = E9BBA30502C47DBBA8D81960 /* Pods_BingePodcast.framework */; };
		29DAEC475A516448D6CD952D /* Pods_BingePodcastTests.framework in Frameworks */ = {isa = PBXBuildFile; fileRef = 78A75B4B4E2FDBC4070B57E7 /* Pods_BingePodcastTests.framework */; };
		A26896166E47208957C4A86E /* Pods_BingePodcastUITests.framework in Frameworks */ = {isa = PBXBuildFile; fileRef = 60313659C3135674FC214827 /* Pods_BingePodcastUITests.framework */; };
/* End PBXBuildFile section */

/* Begin PBXContainerItemProxy section */
		1D187A0C2A2CC8AE00827277 /* PBXContainerItemProxy */ = {
			isa = PBXContainerItemProxy;
			containerPortal = 1D1879EA2A2CC8AA00827277 /* Project object */;
			proxyType = 1;
			remoteGlobalIDString = 1D1879F12A2CC8AA00827277;
			remoteInfo = BingePodcast;
		};
		1D187A162A2CC8AE00827277 /* PBXContainerItemProxy */ = {
			isa = PBXContainerItemProxy;
			containerPortal = 1D1879EA2A2CC8AA00827277 /* Project object */;
			proxyType = 1;
			remoteGlobalIDString = 1D1879F12A2CC8AA00827277;
			remoteInfo = BingePodcast;
		};
/* End PBXContainerItemProxy section */

/* Begin PBXFileReference section */
		03B35CF9769C67A9DC79EB55 /* Pods-BingePodcast.debug.xcconfig */ = {isa = PBXFileReference; includeInIndex = 1; lastKnownFileType = text.xcconfig; name = "Pods-BingePodcast.debug.xcconfig"; path = "Target Support Files/Pods-BingePodcast/Pods-BingePodcast.debug.xcconfig"; sourceTree = "<group>"; };
		1D0D70582A586AD2006431DC /* test.swift */ = {isa = PBXFileReference; lastKnownFileType = sourcecode.swift; path = test.swift; sourceTree = "<group>"; };
		1D0D705A2A586B7A006431DC /* UIView.swift */ = {isa = PBXFileReference; lastKnownFileType = sourcecode.swift; path = UIView.swift; sourceTree = "<group>"; };
		1D16D39F2A536D1A00E3D8A3 /* HomeViewController.swift */ = {isa = PBXFileReference; lastKnownFileType = sourcecode.swift; path = HomeViewController.swift; sourceTree = "<group>"; };
		1D16D3E82A5444AA00E3D8A3 /* SwitchPlayer.swift */ = {isa = PBXFileReference; lastKnownFileType = sourcecode.swift; path = SwitchPlayer.swift; sourceTree = "<group>"; };
		1D1879F22A2CC8AA00827277 /* BingePodcast.app */ = {isa = PBXFileReference; explicitFileType = wrapper.application; includeInIndex = 0; path = BingePodcast.app; sourceTree = BUILT_PRODUCTS_DIR; };
		1D1879F52A2CC8AA00827277 /* AppDelegate.swift */ = {isa = PBXFileReference; lastKnownFileType = sourcecode.swift; path = AppDelegate.swift; sourceTree = "<group>"; };
		1D1879F72A2CC8AA00827277 /* SceneDelegate.swift */ = {isa = PBXFileReference; lastKnownFileType = sourcecode.swift; path = SceneDelegate.swift; sourceTree = "<group>"; };
		1D1879F92A2CC8AA00827277 /* ViewController.swift */ = {isa = PBXFileReference; lastKnownFileType = sourcecode.swift; path = ViewController.swift; sourceTree = "<group>"; };
		1D1879FC2A2CC8AA00827277 /* Base */ = {isa = PBXFileReference; lastKnownFileType = file.storyboard; name = Base; path = Base.lproj/Main.storyboard; sourceTree = "<group>"; };
		1D1879FF2A2CC8AA00827277 /* BingePodcast.xcdatamodel */ = {isa = PBXFileReference; lastKnownFileType = wrapper.xcdatamodel; path = BingePodcast.xcdatamodel; sourceTree = "<group>"; };
		1D187A012A2CC8AD00827277 /* Assets.xcassets */ = {isa = PBXFileReference; lastKnownFileType = folder.assetcatalog; name = Assets.xcassets; path = BingePodcast/ProductionsFiles/Assets.xcassets; sourceTree = SOURCE_ROOT; };
		1D187A042A2CC8AD00827277 /* Base */ = {isa = PBXFileReference; lastKnownFileType = file.storyboard; name = Base; path = Base.lproj/LaunchScreen.storyboard; sourceTree = "<group>"; };
		1D187A062A2CC8AD00827277 /* Info.plist */ = {isa = PBXFileReference; lastKnownFileType = text.plist.xml; name = Info.plist; path = BingePodcast/Info.plist; sourceTree = SOURCE_ROOT; };
		1D187A0B2A2CC8AE00827277 /* BingePodcastTests.xctest */ = {isa = PBXFileReference; explicitFileType = wrapper.cfbundle; includeInIndex = 0; path = BingePodcastTests.xctest; sourceTree = BUILT_PRODUCTS_DIR; };
		1D187A0F2A2CC8AE00827277 /* BingePodcastTests.swift */ = {isa = PBXFileReference; lastKnownFileType = sourcecode.swift; path = BingePodcastTests.swift; sourceTree = "<group>"; };
		1D187A152A2CC8AE00827277 /* BingePodcastUITests.xctest */ = {isa = PBXFileReference; explicitFileType = wrapper.cfbundle; includeInIndex = 0; path = BingePodcastUITests.xctest; sourceTree = BUILT_PRODUCTS_DIR; };
		1D187A192A2CC8AE00827277 /* BingePodcastUITests.swift */ = {isa = PBXFileReference; lastKnownFileType = sourcecode.swift; path = BingePodcastUITests.swift; sourceTree = "<group>"; };
		1D187A1B2A2CC8AE00827277 /* BingePodcastUITestsLaunchTests.swift */ = {isa = PBXFileReference; lastKnownFileType = sourcecode.swift; path = BingePodcastUITestsLaunchTests.swift; sourceTree = "<group>"; };
		1D55E1E42A3DCF9100F1A9BD /* TestViewController.swift */ = {isa = PBXFileReference; lastKnownFileType = sourcecode.swift; path = TestViewController.swift; sourceTree = "<group>"; };
		1D55E28F2A408B2200F1A9BD /* Constants.swift */ = {isa = PBXFileReference; lastKnownFileType = sourcecode.swift; path = Constants.swift; sourceTree = "<group>"; };
		1D55E2912A409CB000F1A9BD /* UIButton.swift */ = {isa = PBXFileReference; lastKnownFileType = sourcecode.swift; path = UIButton.swift; sourceTree = "<group>"; };
		1D55E2932A40B3D400F1A9BD /* UIImage.swift */ = {isa = PBXFileReference; lastKnownFileType = sourcecode.swift; path = UIImage.swift; sourceTree = "<group>"; };
		1D55E2952A4119AC00F1A9BD /* UILabel.swift */ = {isa = PBXFileReference; lastKnownFileType = sourcecode.swift; path = UILabel.swift; sourceTree = "<group>"; };
		1D973A6A2A3A875F0027AC75 /* PlayerModel.swift */ = {isa = PBXFileReference; lastKnownFileType = sourcecode.swift; path = PlayerModel.swift; sourceTree = "<group>"; };
		1D973A6C2A3A87800027AC75 /* Delegate.swift */ = {isa = PBXFileReference; lastKnownFileType = sourcecode.swift; path = Delegate.swift; sourceTree = "<group>"; };
		1D986A952A2DEB0100D26CEB /* Colors.xcassets */ = {isa = PBXFileReference; lastKnownFileType = folder.assetcatalog; path = Colors.xcassets; sourceTree = "<group>"; };
		1D986A9D2A2DEF7600D26CEB /* Colors.gen.swift */ = {isa = PBXFileReference; fileEncoding = 4; lastKnownFileType = sourcecode.swift; path = Colors.gen.swift; sourceTree = "<group>"; };
		1D986A9E2A2DEF7600D26CEB /* Assets.gen.swift */ = {isa = PBXFileReference; fileEncoding = 4; lastKnownFileType = sourcecode.swift; name = Assets.gen.swift; path = BingePodcast/ProductionsFiles/Generated/Assets.gen.swift; sourceTree = SOURCE_ROOT; };
		1D986AA32A2DF33F00D26CEB /* Strings.strings */ = {isa = PBXFileReference; lastKnownFileType = text.plist.strings; name = Strings.strings; path = BingePodcast/ProductionsFiles/Strings.strings; sourceTree = SOURCE_ROOT; };
		1D986AA52A2DFF0E00D26CEB /* Strings.gen.swift */ = {isa = PBXFileReference; fileEncoding = 4; lastKnownFileType = sourcecode.swift; path = Strings.gen.swift; sourceTree = "<group>"; };
		1D986AB02A2E120500D26CEB /* GoogleService-Info.plist */ = {isa = PBXFileReference; fileEncoding = 4; lastKnownFileType = text.plist.xml; name = "GoogleService-Info.plist"; path = "BingePodcast/ProductionsFiles/Plist/GoogleService-Info.plist"; sourceTree = SOURCE_ROOT; };
		1DA63F0D2A41F65B0013BB86 /* UIString.swift */ = {isa = PBXFileReference; lastKnownFileType = sourcecode.swift; path = UIString.swift; sourceTree = "<group>"; };
		1DA63F0F2A41F79D0013BB86 /* UIFloat.swift */ = {isa = PBXFileReference; lastKnownFileType = sourcecode.swift; path = UIFloat.swift; sourceTree = "<group>"; };
		1DA63F192A420F660013BB86 /* UIViewController.swift */ = {isa = PBXFileReference; lastKnownFileType = sourcecode.swift; path = UIViewController.swift; sourceTree = "<group>"; };
		1DC25BB22A4266FC0024CD41 /* ProximaNova-Thin.otf */ = {isa = PBXFileReference; lastKnownFileType = file; path = "ProximaNova-Thin.otf"; sourceTree = "<group>"; };
		1DC25BB32A4266FC0024CD41 /* ProximaNova-Alt-Thin.otf */ = {isa = PBXFileReference; lastKnownFileType = file; path = "ProximaNova-Alt-Thin.otf"; sourceTree = "<group>"; };
		1DC25BB42A4266FC0024CD41 /* ProximaNova-Sbold.ttf */ = {isa = PBXFileReference; lastKnownFileType = file; path = "ProximaNova-Sbold.ttf"; sourceTree = "<group>"; };
		1DC25BB52A4266FC0024CD41 /* ProximaNova-Extrabold.otf */ = {isa = PBXFileReference; lastKnownFileType = file; path = "ProximaNova-Extrabold.otf"; sourceTree = "<group>"; };
		1DC25BB62A4266FC0024CD41 /* ProximaNova-Regular.otf */ = {isa = PBXFileReference; lastKnownFileType = file; path = "ProximaNova-Regular.otf"; sourceTree = "<group>"; };
		1DC25BB72A4266FC0024CD41 /* ProximaNova-Alt-Bold.otf */ = {isa = PBXFileReference; lastKnownFileType = file; path = "ProximaNova-Alt-Bold.otf"; sourceTree = "<group>"; };
		1DC25BB82A4266FC0024CD41 /* ProximaNova-Alt-Light.otf */ = {isa = PBXFileReference; lastKnownFileType = file; path = "ProximaNova-Alt-Light.otf"; sourceTree = "<group>"; };
		1DC25BB92A4266FC0024CD41 /* ProximaNova-Black.otf */ = {isa = PBXFileReference; lastKnownFileType = file; path = "ProximaNova-Black.otf"; sourceTree = "<group>"; };
		1DC25BBA2A4266FD0024CD41 /* ProximaNova-Bold.otf */ = {isa = PBXFileReference; lastKnownFileType = file; path = "ProximaNova-Bold.otf"; sourceTree = "<group>"; };
		1DC3F4FF2A3A7A86007F4AC8 /* PlayerViewController.swift */ = {isa = PBXFileReference; lastKnownFileType = sourcecode.swift; path = PlayerViewController.swift; sourceTree = "<group>"; };
		1DCA9ECD2A35FD22008ED92E /* PlayerAudioService.swift */ = {isa = PBXFileReference; lastKnownFileType = sourcecode.swift; path = PlayerAudioService.swift; sourceTree = "<group>"; };
		1DD726392A45D86400CD6D16 /* TestTabBarViewController.swift */ = {isa = PBXFileReference; lastKnownFileType = sourcecode.swift; path = TestTabBarViewController.swift; sourceTree = "<group>"; };
		2A27D8FEFED8FFCB2F8383F9 /* Pods-BingePodcastTests.release.xcconfig */ = {isa = PBXFileReference; includeInIndex = 1; lastKnownFileType = text.xcconfig; name = "Pods-BingePodcastTests.release.xcconfig"; path = "Target Support Files/Pods-BingePodcastTests/Pods-BingePodcastTests.release.xcconfig"; sourceTree = "<group>"; };
		5E7971384F985948960C594D /* Pods-BingePodcastUITests.release.xcconfig */ = {isa = PBXFileReference; includeInIndex = 1; lastKnownFileType = text.xcconfig; name = "Pods-BingePodcastUITests.release.xcconfig"; path = "Target Support Files/Pods-BingePodcastUITests/Pods-BingePodcastUITests.release.xcconfig"; sourceTree = "<group>"; };
		60313659C3135674FC214827 /* Pods_BingePodcastUITests.framework */ = {isa = PBXFileReference; explicitFileType = wrapper.framework; includeInIndex = 0; path = Pods_BingePodcastUITests.framework; sourceTree = BUILT_PRODUCTS_DIR; };
		78A75B4B4E2FDBC4070B57E7 /* Pods_BingePodcastTests.framework */ = {isa = PBXFileReference; explicitFileType = wrapper.framework; includeInIndex = 0; path = Pods_BingePodcastTests.framework; sourceTree = BUILT_PRODUCTS_DIR; };
		9135F1FDEF5EFAB128CCC592 /* Pods-BingePodcastUITests.debug.xcconfig */ = {isa = PBXFileReference; includeInIndex = 1; lastKnownFileType = text.xcconfig; name = "Pods-BingePodcastUITests.debug.xcconfig"; path = "Target Support Files/Pods-BingePodcastUITests/Pods-BingePodcastUITests.debug.xcconfig"; sourceTree = "<group>"; };
		AF99FA8719AA1A2882CBAB12 /* Pods-BingePodcastTests.debug.xcconfig */ = {isa = PBXFileReference; includeInIndex = 1; lastKnownFileType = text.xcconfig; name = "Pods-BingePodcastTests.debug.xcconfig"; path = "Target Support Files/Pods-BingePodcastTests/Pods-BingePodcastTests.debug.xcconfig"; sourceTree = "<group>"; };
		C3D264B70B526E9DC75D6150 /* Pods-BingePodcast.release.xcconfig */ = {isa = PBXFileReference; includeInIndex = 1; lastKnownFileType = text.xcconfig; name = "Pods-BingePodcast.release.xcconfig"; path = "Target Support Files/Pods-BingePodcast/Pods-BingePodcast.release.xcconfig"; sourceTree = "<group>"; };
		E9BBA30502C47DBBA8D81960 /* Pods_BingePodcast.framework */ = {isa = PBXFileReference; explicitFileType = wrapper.framework; includeInIndex = 0; path = Pods_BingePodcast.framework; sourceTree = BUILT_PRODUCTS_DIR; };
/* End PBXFileReference section */

/* Begin PBXFrameworksBuildPhase section */
		1D1879EF2A2CC8AA00827277 /* Frameworks */ = {
			isa = PBXFrameworksBuildPhase;
			buildActionMask = 2147483647;
			files = (
				1D986AD22A2E151900D26CEB /* FirebaseFunctions in Frameworks */,
				1D986AC82A2E151900D26CEB /* FirebaseDatabaseSwift in Frameworks */,
				1D986AD82A2E151900D26CEB /* FirebaseInAppMessagingSwift-Beta in Frameworks */,
				1D986ADE2A2E151900D26CEB /* FirebaseMessaging in Frameworks */,
				1D986ABE2A2E151900D26CEB /* FirebaseAppDistribution-Beta in Frameworks */,
				1D986AC22A2E151900D26CEB /* FirebaseAuthCombine-Community in Frameworks */,
				1D986ACE2A2E151900D26CEB /* FirebaseFirestoreCombine-Community in Frameworks */,
				1D986AB82A2E151900D26CEB /* FirebaseAnalyticsSwift in Frameworks */,
				1D986ADC2A2E151900D26CEB /* FirebaseMLModelDownloader in Frameworks */,
				1D986ABA2A2E151900D26CEB /* FirebaseAnalyticsWithoutAdIdSupport in Frameworks */,
				1D986AB42A2E151900D26CEB /* FirebaseAnalytics in Frameworks */,
				1D986AD02A2E151900D26CEB /* FirebaseFirestoreSwift in Frameworks */,
				1D986AB62A2E151900D26CEB /* FirebaseAnalyticsOnDeviceConversion in Frameworks */,
				1D986ABC2A2E151900D26CEB /* FirebaseAppCheck in Frameworks */,
				1D986AE02A2E151900D26CEB /* FirebasePerformance in Frameworks */,
				1D986AD62A2E151900D26CEB /* FirebaseInAppMessaging-Beta in Frameworks */,
				1D986AD42A2E151900D26CEB /* FirebaseFunctionsCombine-Community in Frameworks */,
				1D986AC42A2E151900D26CEB /* FirebaseCrashlytics in Frameworks */,
				1D986ADA2A2E151900D26CEB /* FirebaseInstallations in Frameworks */,
				1D986AE22A2E151900D26CEB /* FirebaseRemoteConfig in Frameworks */,
				1D986AE62A2E151900D26CEB /* FirebaseStorage in Frameworks */,
				1D986AC62A2E151900D26CEB /* FirebaseDatabase in Frameworks */,
				1D986AE82A2E151900D26CEB /* FirebaseStorageCombine-Community in Frameworks */,
				1EDD35B0FB92C7A3C47366EF /* Pods_BingePodcast.framework in Frameworks */,
				1D986AC02A2E151900D26CEB /* FirebaseAuth in Frameworks */,
				1D986ACA2A2E151900D26CEB /* FirebaseDynamicLinks in Frameworks */,
				1D986ACC2A2E151900D26CEB /* FirebaseFirestore in Frameworks */,
				1D986AE42A2E151900D26CEB /* FirebaseRemoteConfigSwift in Frameworks */,
			);
			runOnlyForDeploymentPostprocessing = 0;
		};
		1D187A082A2CC8AE00827277 /* Frameworks */ = {
			isa = PBXFrameworksBuildPhase;
			buildActionMask = 2147483647;
			files = (
				29DAEC475A516448D6CD952D /* Pods_BingePodcastTests.framework in Frameworks */,
			);
			runOnlyForDeploymentPostprocessing = 0;
		};
		1D187A122A2CC8AE00827277 /* Frameworks */ = {
			isa = PBXFrameworksBuildPhase;
			buildActionMask = 2147483647;
			files = (
				A26896166E47208957C4A86E /* Pods_BingePodcastUITests.framework in Frameworks */,
			);
			runOnlyForDeploymentPostprocessing = 0;
		};
/* End PBXFrameworksBuildPhase section */

/* Begin PBXGroup section */
		1D16D3E72A54433900E3D8A3 /* molecule */ = {
			isa = PBXGroup;
			children = (
				1D16D3E82A5444AA00E3D8A3 /* SwitchPlayer.swift */,
				1D0D70582A586AD2006431DC /* test.swift */,
			);
			path = molecule;
			sourceTree = "<group>";
		};
		1D1879E92A2CC8AA00827277 = {
			isa = PBXGroup;
			children = (
				1D1879F42A2CC8AA00827277 /* BingePodcast */,
				1D187A0E2A2CC8AE00827277 /* BingePodcastTests */,
				1D187A182A2CC8AE00827277 /* BingePodcastUITests */,
				1D1879F32A2CC8AA00827277 /* Products */,
				C26A9FA55012096BD8A7CEB5 /* Pods */,
				480D38A7599923BE528AD4B8 /* Frameworks */,
			);
			sourceTree = "<group>";
		};
		1D1879F32A2CC8AA00827277 /* Products */ = {
			isa = PBXGroup;
			children = (
				1D1879F22A2CC8AA00827277 /* BingePodcast.app */,
				1D187A0B2A2CC8AE00827277 /* BingePodcastTests.xctest */,
				1D187A152A2CC8AE00827277 /* BingePodcastUITests.xctest */,
			);
			name = Products;
			sourceTree = "<group>";
		};
		1D1879F42A2CC8AA00827277 /* BingePodcast */ = {
			isa = PBXGroup;
			children = (
				1D187A062A2CC8AD00827277 /* Info.plist */,
				1D9869CD2A2D19BE00D26CEB /* ProductionsFiles */,
				1D9869CC2A2D19AC00D26CEB /* Controller */,
				1D9869CB2A2D19A500D26CEB /* Model */,
				1D9869CA2A2D199D00D26CEB /* View */,
			);
			path = BingePodcast;
			sourceTree = "<group>";
		};
		1D187A0E2A2CC8AE00827277 /* BingePodcastTests */ = {
			isa = PBXGroup;
			children = (
				1D187A0F2A2CC8AE00827277 /* BingePodcastTests.swift */,
			);
			path = BingePodcastTests;
			sourceTree = "<group>";
		};
		1D187A182A2CC8AE00827277 /* BingePodcastUITests */ = {
			isa = PBXGroup;
			children = (
				1D187A192A2CC8AE00827277 /* BingePodcastUITests.swift */,
				1D187A1B2A2CC8AE00827277 /* BingePodcastUITestsLaunchTests.swift */,
			);
			path = BingePodcastUITests;
			sourceTree = "<group>";
		};
		1D973A692A3A873F0027AC75 /* Service */ = {
			isa = PBXGroup;
			children = (
				1DCA9ECD2A35FD22008ED92E /* PlayerAudioService.swift */,
				1D973A6C2A3A87800027AC75 /* Delegate.swift */,
			);
			path = Service;
			sourceTree = "<group>";
		};
		1D9869CA2A2D199D00D26CEB /* View */ = {
			isa = PBXGroup;
			children = (
				1D187A032A2CC8AD00827277 /* LaunchScreen.storyboard */,
				1D1879FB2A2CC8AA00827277 /* Main.storyboard */,
			);
			path = View;
			sourceTree = "<group>";
		};
		1D9869CB2A2D19A500D26CEB /* Model */ = {
			isa = PBXGroup;
			children = (
				1D973A6A2A3A875F0027AC75 /* PlayerModel.swift */,
				1D973A692A3A873F0027AC75 /* Service */,
			);
			path = Model;
			sourceTree = "<group>";
		};
		1D9869CC2A2D19AC00D26CEB /* Controller */ = {
			isa = PBXGroup;
			children = (
				1D16D3E72A54433900E3D8A3 /* molecule */,
				1D1879F92A2CC8AA00827277 /* ViewController.swift */,
				1DC3F4FF2A3A7A86007F4AC8 /* PlayerViewController.swift */,
				1D55E1E42A3DCF9100F1A9BD /* TestViewController.swift */,
				1DD726392A45D86400CD6D16 /* TestTabBarViewController.swift */,
				1D16D39F2A536D1A00E3D8A3 /* HomeViewController.swift */,
			);
			path = Controller;
			sourceTree = "<group>";
		};
		1D9869CD2A2D19BE00D26CEB /* ProductionsFiles */ = {
			isa = PBXGroup;
			children = (
				1DDF70052A3CC84B00EC2294 /* Plist */,
				1DDF70042A3CC84300EC2294 /* Extension */,
				1D986AA92A2E089C00D26CEB /* CustomFonts */,
				1D986A932A2DE66100D26CEB /* Generated */,
				1D1879F72A2CC8AA00827277 /* SceneDelegate.swift */,
				1D1879F52A2CC8AA00827277 /* AppDelegate.swift */,
				1D187A012A2CC8AD00827277 /* Assets.xcassets */,
				1D986A952A2DEB0100D26CEB /* Colors.xcassets */,
				1D1879FE2A2CC8AA00827277 /* BingePodcast.xcdatamodeld */,
				1D986AA32A2DF33F00D26CEB /* Strings.strings */,
				1D55E28F2A408B2200F1A9BD /* Constants.swift */,
			);
			path = ProductionsFiles;
			sourceTree = "<group>";
		};
		1D986A932A2DE66100D26CEB /* Generated */ = {
			isa = PBXGroup;
			children = (
				1D986A9E2A2DEF7600D26CEB /* Assets.gen.swift */,
				1D986AA52A2DFF0E00D26CEB /* Strings.gen.swift */,
				1D986A9D2A2DEF7600D26CEB /* Colors.gen.swift */,
			);
			path = Generated;
			sourceTree = "<group>";
		};
		1D986AA92A2E089C00D26CEB /* CustomFonts */ = {
			isa = PBXGroup;
			children = (
				1DC25BB72A4266FC0024CD41 /* ProximaNova-Alt-Bold.otf */,
				1DC25BB82A4266FC0024CD41 /* ProximaNova-Alt-Light.otf */,
				1DC25BB32A4266FC0024CD41 /* ProximaNova-Alt-Thin.otf */,
				1DC25BB92A4266FC0024CD41 /* ProximaNova-Black.otf */,
				1DC25BBA2A4266FD0024CD41 /* ProximaNova-Bold.otf */,
				1DC25BB52A4266FC0024CD41 /* ProximaNova-Extrabold.otf */,
				1DC25BB62A4266FC0024CD41 /* ProximaNova-Regular.otf */,
				1DC25BB42A4266FC0024CD41 /* ProximaNova-Sbold.ttf */,
				1DC25BB22A4266FC0024CD41 /* ProximaNova-Thin.otf */,
			);
			path = CustomFonts;
			sourceTree = "<group>";
		};
		1DDF70042A3CC84300EC2294 /* Extension */ = {
			isa = PBXGroup;
			children = (
				1D55E2912A409CB000F1A9BD /* UIButton.swift */,
				1D55E2932A40B3D400F1A9BD /* UIImage.swift */,
				1D55E2952A4119AC00F1A9BD /* UILabel.swift */,
				1DA63F0D2A41F65B0013BB86 /* UIString.swift */,
				1DA63F0F2A41F79D0013BB86 /* UIFloat.swift */,
				1DA63F192A420F660013BB86 /* UIViewController.swift */,
				1D0D705A2A586B7A006431DC /* UIView.swift */,
			);
			path = Extension;
			sourceTree = "<group>";
		};
		1DDF70052A3CC84B00EC2294 /* Plist */ = {
			isa = PBXGroup;
			children = (
				1D986AB02A2E120500D26CEB /* GoogleService-Info.plist */,
			);
			name = Plist;
			path = BingePodcast/ProductionsFiles/Plist;
			sourceTree = SOURCE_ROOT;
		};
		480D38A7599923BE528AD4B8 /* Frameworks */ = {
			isa = PBXGroup;
			children = (
				E9BBA30502C47DBBA8D81960 /* Pods_BingePodcast.framework */,
				78A75B4B4E2FDBC4070B57E7 /* Pods_BingePodcastTests.framework */,
				60313659C3135674FC214827 /* Pods_BingePodcastUITests.framework */,
			);
			name = Frameworks;
			sourceTree = "<group>";
		};
		C26A9FA55012096BD8A7CEB5 /* Pods */ = {
			isa = PBXGroup;
			children = (
				03B35CF9769C67A9DC79EB55 /* Pods-BingePodcast.debug.xcconfig */,
				C3D264B70B526E9DC75D6150 /* Pods-BingePodcast.release.xcconfig */,
				AF99FA8719AA1A2882CBAB12 /* Pods-BingePodcastTests.debug.xcconfig */,
				2A27D8FEFED8FFCB2F8383F9 /* Pods-BingePodcastTests.release.xcconfig */,
				9135F1FDEF5EFAB128CCC592 /* Pods-BingePodcastUITests.debug.xcconfig */,
				5E7971384F985948960C594D /* Pods-BingePodcastUITests.release.xcconfig */,
			);
			path = Pods;
			sourceTree = "<group>";
		};
/* End PBXGroup section */

/* Begin PBXNativeTarget section */
		1D1879F12A2CC8AA00827277 /* BingePodcast */ = {
			isa = PBXNativeTarget;
			buildConfigurationList = 1D187A1F2A2CC8AE00827277 /* Build configuration list for PBXNativeTarget "BingePodcast" */;
			buildPhases = (
				6EEB7E5E78AA9E3AA7B3226D /* [CP] Check Pods Manifest.lock */,
				1D1879EE2A2CC8AA00827277 /* Sources */,
				1D1879EF2A2CC8AA00827277 /* Frameworks */,
				1D1879F02A2CC8AA00827277 /* Resources */,
				E91A568289B1D51BDE3352AC /* [CP] Embed Pods Frameworks */,
				1D187A282A2CE45100827277 /* SwiftGen */,
			);
			buildRules = (
			);
			dependencies = (
			);
			name = BingePodcast;
			packageProductDependencies = (
				1D986AB32A2E151900D26CEB /* FirebaseAnalytics */,
				1D986AB52A2E151900D26CEB /* FirebaseAnalyticsOnDeviceConversion */,
				1D986AB72A2E151900D26CEB /* FirebaseAnalyticsSwift */,
				1D986AB92A2E151900D26CEB /* FirebaseAnalyticsWithoutAdIdSupport */,
				1D986ABB2A2E151900D26CEB /* FirebaseAppCheck */,
				1D986ABD2A2E151900D26CEB /* FirebaseAppDistribution-Beta */,
				1D986ABF2A2E151900D26CEB /* FirebaseAuth */,
				1D986AC12A2E151900D26CEB /* FirebaseAuthCombine-Community */,
				1D986AC32A2E151900D26CEB /* FirebaseCrashlytics */,
				1D986AC52A2E151900D26CEB /* FirebaseDatabase */,
				1D986AC72A2E151900D26CEB /* FirebaseDatabaseSwift */,
				1D986AC92A2E151900D26CEB /* FirebaseDynamicLinks */,
				1D986ACB2A2E151900D26CEB /* FirebaseFirestore */,
				1D986ACD2A2E151900D26CEB /* FirebaseFirestoreCombine-Community */,
				1D986ACF2A2E151900D26CEB /* FirebaseFirestoreSwift */,
				1D986AD12A2E151900D26CEB /* FirebaseFunctions */,
				1D986AD32A2E151900D26CEB /* FirebaseFunctionsCombine-Community */,
				1D986AD52A2E151900D26CEB /* FirebaseInAppMessaging-Beta */,
				1D986AD72A2E151900D26CEB /* FirebaseInAppMessagingSwift-Beta */,
				1D986AD92A2E151900D26CEB /* FirebaseInstallations */,
				1D986ADB2A2E151900D26CEB /* FirebaseMLModelDownloader */,
				1D986ADD2A2E151900D26CEB /* FirebaseMessaging */,
				1D986ADF2A2E151900D26CEB /* FirebasePerformance */,
				1D986AE12A2E151900D26CEB /* FirebaseRemoteConfig */,
				1D986AE32A2E151900D26CEB /* FirebaseRemoteConfigSwift */,
				1D986AE52A2E151900D26CEB /* FirebaseStorage */,
				1D986AE72A2E151900D26CEB /* FirebaseStorageCombine-Community */,
			);
			productName = BingePodcast;
			productReference = 1D1879F22A2CC8AA00827277 /* BingePodcast.app */;
			productType = "com.apple.product-type.application";
		};
		1D187A0A2A2CC8AE00827277 /* BingePodcastTests */ = {
			isa = PBXNativeTarget;
			buildConfigurationList = 1D187A222A2CC8AE00827277 /* Build configuration list for PBXNativeTarget "BingePodcastTests" */;
			buildPhases = (
				F56991A22A4F4482E9E63DE4 /* [CP] Check Pods Manifest.lock */,
				1D187A072A2CC8AE00827277 /* Sources */,
				1D187A082A2CC8AE00827277 /* Frameworks */,
				1D187A092A2CC8AE00827277 /* Resources */,
				ADD91E0CC4555C172F71BE47 /* [CP] Embed Pods Frameworks */,
			);
			buildRules = (
			);
			dependencies = (
				1D187A0D2A2CC8AE00827277 /* PBXTargetDependency */,
			);
			name = BingePodcastTests;
			productName = BingePodcastTests;
			productReference = 1D187A0B2A2CC8AE00827277 /* BingePodcastTests.xctest */;
			productType = "com.apple.product-type.bundle.unit-test";
		};
		1D187A142A2CC8AE00827277 /* BingePodcastUITests */ = {
			isa = PBXNativeTarget;
			buildConfigurationList = 1D187A252A2CC8AE00827277 /* Build configuration list for PBXNativeTarget "BingePodcastUITests" */;
			buildPhases = (
				4B5E0F35705F3218FBDCE865 /* [CP] Check Pods Manifest.lock */,
				1D187A112A2CC8AE00827277 /* Sources */,
				1D187A122A2CC8AE00827277 /* Frameworks */,
				1D187A132A2CC8AE00827277 /* Resources */,
			);
			buildRules = (
			);
			dependencies = (
				1D187A172A2CC8AE00827277 /* PBXTargetDependency */,
			);
			name = BingePodcastUITests;
			productName = BingePodcastUITests;
			productReference = 1D187A152A2CC8AE00827277 /* BingePodcastUITests.xctest */;
			productType = "com.apple.product-type.bundle.ui-testing";
		};
/* End PBXNativeTarget section */

/* Begin PBXProject section */
		1D1879EA2A2CC8AA00827277 /* Project object */ = {
			isa = PBXProject;
			attributes = {
				BuildIndependentTargetsInParallel = 1;
				LastSwiftUpdateCheck = 1410;
				LastUpgradeCheck = 1410;
				TargetAttributes = {
					1D1879F12A2CC8AA00827277 = {
						CreatedOnToolsVersion = 14.1;
					};
					1D187A0A2A2CC8AE00827277 = {
						CreatedOnToolsVersion = 14.1;
						TestTargetID = 1D1879F12A2CC8AA00827277;
					};
					1D187A142A2CC8AE00827277 = {
						CreatedOnToolsVersion = 14.1;
						TestTargetID = 1D1879F12A2CC8AA00827277;
					};
				};
			};
			buildConfigurationList = 1D1879ED2A2CC8AA00827277 /* Build configuration list for PBXProject "BingePodcast" */;
			compatibilityVersion = "Xcode 14.0";
			developmentRegion = en;
			hasScannedForEncodings = 0;
			knownRegions = (
				en,
				Base,
			);
			mainGroup = 1D1879E92A2CC8AA00827277;
			packageReferences = (
				1D986AB22A2E151900D26CEB /* XCRemoteSwiftPackageReference "firebase-ios-sdk" */,
			);
			productRefGroup = 1D1879F32A2CC8AA00827277 /* Products */;
			projectDirPath = "";
			projectRoot = "";
			targets = (
				1D1879F12A2CC8AA00827277 /* BingePodcast */,
				1D187A0A2A2CC8AE00827277 /* BingePodcastTests */,
				1D187A142A2CC8AE00827277 /* BingePodcastUITests */,
			);
		};
/* End PBXProject section */

/* Begin PBXResourcesBuildPhase section */
		1D1879F02A2CC8AA00827277 /* Resources */ = {
			isa = PBXResourcesBuildPhase;
			buildActionMask = 2147483647;
			files = (
				1D187A052A2CC8AD00827277 /* LaunchScreen.storyboard in Resources */,
				1DC25BBC2A4266FD0024CD41 /* ProximaNova-Alt-Thin.otf in Resources */,
				1D986AB12A2E120600D26CEB /* GoogleService-Info.plist in Resources */,
				1DC25BC02A4266FD0024CD41 /* ProximaNova-Alt-Bold.otf in Resources */,
				1DC25BC12A4266FD0024CD41 /* ProximaNova-Alt-Light.otf in Resources */,
				1D986A962A2DEB0100D26CEB /* Colors.xcassets in Resources */,
				1D187A022A2CC8AD00827277 /* Assets.xcassets in Resources */,
				1DC25BBD2A4266FD0024CD41 /* ProximaNova-Sbold.ttf in Resources */,
				1DC25BBF2A4266FD0024CD41 /* ProximaNova-Regular.otf in Resources */,
				1DC25BC32A4266FD0024CD41 /* ProximaNova-Bold.otf in Resources */,
				1DC25BBE2A4266FD0024CD41 /* ProximaNova-Extrabold.otf in Resources */,
				1DC25BBB2A4266FD0024CD41 /* ProximaNova-Thin.otf in Resources */,
				1D1879FD2A2CC8AA00827277 /* Main.storyboard in Resources */,
				1DC25BC22A4266FD0024CD41 /* ProximaNova-Black.otf in Resources */,
				1D986AA42A2DF33F00D26CEB /* Strings.strings in Resources */,
			);
			runOnlyForDeploymentPostprocessing = 0;
		};
		1D187A092A2CC8AE00827277 /* Resources */ = {
			isa = PBXResourcesBuildPhase;
			buildActionMask = 2147483647;
			files = (
			);
			runOnlyForDeploymentPostprocessing = 0;
		};
		1D187A132A2CC8AE00827277 /* Resources */ = {
			isa = PBXResourcesBuildPhase;
			buildActionMask = 2147483647;
			files = (
			);
			runOnlyForDeploymentPostprocessing = 0;
		};
/* End PBXResourcesBuildPhase section */

/* Begin PBXShellScriptBuildPhase section */
		1D187A282A2CE45100827277 /* SwiftGen */ = {
			isa = PBXShellScriptBuildPhase;
			buildActionMask = 2147483647;
			files = (
			);
			inputFileListPaths = (
			);
			inputPaths = (
			);
			name = SwiftGen;
			outputFileListPaths = (
			);
			outputPaths = (
			);
			runOnlyForDeploymentPostprocessing = 0;
			shellPath = /bin/sh;
			shellScript = "\"${PODS_ROOT}/SwiftGen/bin/swiftgen\" config run --config ${PODS_ROOT}/SwiftGen/bin/swiftgen.yml\n";
		};
		4B5E0F35705F3218FBDCE865 /* [CP] Check Pods Manifest.lock */ = {
			isa = PBXShellScriptBuildPhase;
			buildActionMask = 2147483647;
			files = (
			);
			inputFileListPaths = (
			);
			inputPaths = (
				"${PODS_PODFILE_DIR_PATH}/Podfile.lock",
				"${PODS_ROOT}/Manifest.lock",
			);
			name = "[CP] Check Pods Manifest.lock";
			outputFileListPaths = (
			);
			outputPaths = (
				"$(DERIVED_FILE_DIR)/Pods-BingePodcastUITests-checkManifestLockResult.txt",
			);
			runOnlyForDeploymentPostprocessing = 0;
			shellPath = /bin/sh;
			shellScript = "diff \"${PODS_PODFILE_DIR_PATH}/Podfile.lock\" \"${PODS_ROOT}/Manifest.lock\" > /dev/null\nif [ $? != 0 ] ; then\n    # print error to STDERR\n    echo \"error: The sandbox is not in sync with the Podfile.lock. Run 'pod install' or update your CocoaPods installation.\" >&2\n    exit 1\nfi\n# This output is used by Xcode 'outputs' to avoid re-running this script phase.\necho \"SUCCESS\" > \"${SCRIPT_OUTPUT_FILE_0}\"\n";
			showEnvVarsInLog = 0;
		};
		6EEB7E5E78AA9E3AA7B3226D /* [CP] Check Pods Manifest.lock */ = {
			isa = PBXShellScriptBuildPhase;
			buildActionMask = 2147483647;
			files = (
			);
			inputFileListPaths = (
			);
			inputPaths = (
				"${PODS_PODFILE_DIR_PATH}/Podfile.lock",
				"${PODS_ROOT}/Manifest.lock",
			);
			name = "[CP] Check Pods Manifest.lock";
			outputFileListPaths = (
			);
			outputPaths = (
				"$(DERIVED_FILE_DIR)/Pods-BingePodcast-checkManifestLockResult.txt",
			);
			runOnlyForDeploymentPostprocessing = 0;
			shellPath = /bin/sh;
			shellScript = "diff \"${PODS_PODFILE_DIR_PATH}/Podfile.lock\" \"${PODS_ROOT}/Manifest.lock\" > /dev/null\nif [ $? != 0 ] ; then\n    # print error to STDERR\n    echo \"error: The sandbox is not in sync with the Podfile.lock. Run 'pod install' or update your CocoaPods installation.\" >&2\n    exit 1\nfi\n# This output is used by Xcode 'outputs' to avoid re-running this script phase.\necho \"SUCCESS\" > \"${SCRIPT_OUTPUT_FILE_0}\"\n";
			showEnvVarsInLog = 0;
		};
		ADD91E0CC4555C172F71BE47 /* [CP] Embed Pods Frameworks */ = {
			isa = PBXShellScriptBuildPhase;
			buildActionMask = 2147483647;
			files = (
			);
			inputFileListPaths = (
				"${PODS_ROOT}/Target Support Files/Pods-BingePodcastTests/Pods-BingePodcastTests-frameworks-${CONFIGURATION}-input-files.xcfilelist",
			);
			name = "[CP] Embed Pods Frameworks";
			outputFileListPaths = (
				"${PODS_ROOT}/Target Support Files/Pods-BingePodcastTests/Pods-BingePodcastTests-frameworks-${CONFIGURATION}-output-files.xcfilelist",
			);
			runOnlyForDeploymentPostprocessing = 0;
			shellPath = /bin/sh;
			shellScript = "\"${PODS_ROOT}/Target Support Files/Pods-BingePodcastTests/Pods-BingePodcastTests-frameworks.sh\"\n";
			showEnvVarsInLog = 0;
		};
		E91A568289B1D51BDE3352AC /* [CP] Embed Pods Frameworks */ = {
			isa = PBXShellScriptBuildPhase;
			buildActionMask = 2147483647;
			files = (
			);
			inputFileListPaths = (
				"${PODS_ROOT}/Target Support Files/Pods-BingePodcast/Pods-BingePodcast-frameworks-${CONFIGURATION}-input-files.xcfilelist",
			);
			name = "[CP] Embed Pods Frameworks";
			outputFileListPaths = (
				"${PODS_ROOT}/Target Support Files/Pods-BingePodcast/Pods-BingePodcast-frameworks-${CONFIGURATION}-output-files.xcfilelist",
			);
			runOnlyForDeploymentPostprocessing = 0;
			shellPath = /bin/sh;
			shellScript = "\"${PODS_ROOT}/Target Support Files/Pods-BingePodcast/Pods-BingePodcast-frameworks.sh\"\n";
			showEnvVarsInLog = 0;
		};
		F56991A22A4F4482E9E63DE4 /* [CP] Check Pods Manifest.lock */ = {
			isa = PBXShellScriptBuildPhase;
			buildActionMask = 2147483647;
			files = (
			);
			inputFileListPaths = (
			);
			inputPaths = (
				"${PODS_PODFILE_DIR_PATH}/Podfile.lock",
				"${PODS_ROOT}/Manifest.lock",
			);
			name = "[CP] Check Pods Manifest.lock";
			outputFileListPaths = (
			);
			outputPaths = (
				"$(DERIVED_FILE_DIR)/Pods-BingePodcastTests-checkManifestLockResult.txt",
			);
			runOnlyForDeploymentPostprocessing = 0;
			shellPath = /bin/sh;
			shellScript = "diff \"${PODS_PODFILE_DIR_PATH}/Podfile.lock\" \"${PODS_ROOT}/Manifest.lock\" > /dev/null\nif [ $? != 0 ] ; then\n    # print error to STDERR\n    echo \"error: The sandbox is not in sync with the Podfile.lock. Run 'pod install' or update your CocoaPods installation.\" >&2\n    exit 1\nfi\n# This output is used by Xcode 'outputs' to avoid re-running this script phase.\necho \"SUCCESS\" > \"${SCRIPT_OUTPUT_FILE_0}\"\n";
			showEnvVarsInLog = 0;
		};
/* End PBXShellScriptBuildPhase section */

/* Begin PBXSourcesBuildPhase section */
		1D1879EE2A2CC8AA00827277 /* Sources */ = {
			isa = PBXSourcesBuildPhase;
			buildActionMask = 2147483647;
			files = (
				1D16D3E92A5444AA00E3D8A3 /* SwitchPlayer.swift in Sources */,
				1DD7263A2A45D86400CD6D16 /* TestTabBarViewController.swift in Sources */,
				1D55E2962A4119AC00F1A9BD /* UILabel.swift in Sources */,
				1D973A6B2A3A875F0027AC75 /* PlayerModel.swift in Sources */,
				1D986AA02A2DEF7600D26CEB /* Assets.gen.swift in Sources */,
				1D986A9F2A2DEF7600D26CEB /* Colors.gen.swift in Sources */,
				1D16D3A02A536D1A00E3D8A3 /* HomeViewController.swift in Sources */,
				1D0D70592A586AD2006431DC /* test.swift in Sources */,
				1D187A002A2CC8AA00827277 /* BingePodcast.xcdatamodeld in Sources */,
				1DCA9ECE2A35FD22008ED92E /* PlayerAudioService.swift in Sources */,
				1D55E2922A409CB000F1A9BD /* UIButton.swift in Sources */,
				1D55E1E52A3DCF9100F1A9BD /* TestViewController.swift in Sources */,
				1D986AA62A2DFF0E00D26CEB /* Strings.gen.swift in Sources */,
				1D55E2942A40B3D400F1A9BD /* UIImage.swift in Sources */,
				1DC3F5002A3A7A86007F4AC8 /* PlayerViewController.swift in Sources */,
				1DA63F102A41F79D0013BB86 /* UIFloat.swift in Sources */,
				1D0D705B2A586B7A006431DC /* UIView.swift in Sources */,
				1DA63F0E2A41F65B0013BB86 /* UIString.swift in Sources */,
				1DA63F1A2A420F660013BB86 /* UIViewController.swift in Sources */,
				1D1879FA2A2CC8AA00827277 /* ViewController.swift in Sources */,
				1D973A6D2A3A87800027AC75 /* Delegate.swift in Sources */,
				1D55E2902A408B2200F1A9BD /* Constants.swift in Sources */,
				1D1879F62A2CC8AA00827277 /* AppDelegate.swift in Sources */,
				1D1879F82A2CC8AA00827277 /* SceneDelegate.swift in Sources */,
			);
			runOnlyForDeploymentPostprocessing = 0;
		};
		1D187A072A2CC8AE00827277 /* Sources */ = {
			isa = PBXSourcesBuildPhase;
			buildActionMask = 2147483647;
			files = (
				1D187A102A2CC8AE00827277 /* BingePodcastTests.swift in Sources */,
			);
			runOnlyForDeploymentPostprocessing = 0;
		};
		1D187A112A2CC8AE00827277 /* Sources */ = {
			isa = PBXSourcesBuildPhase;
			buildActionMask = 2147483647;
			files = (
				1D187A1A2A2CC8AE00827277 /* BingePodcastUITests.swift in Sources */,
				1D187A1C2A2CC8AE00827277 /* BingePodcastUITestsLaunchTests.swift in Sources */,
			);
			runOnlyForDeploymentPostprocessing = 0;
		};
/* End PBXSourcesBuildPhase section */

/* Begin PBXTargetDependency section */
		1D187A0D2A2CC8AE00827277 /* PBXTargetDependency */ = {
			isa = PBXTargetDependency;
			target = 1D1879F12A2CC8AA00827277 /* BingePodcast */;
			targetProxy = 1D187A0C2A2CC8AE00827277 /* PBXContainerItemProxy */;
		};
		1D187A172A2CC8AE00827277 /* PBXTargetDependency */ = {
			isa = PBXTargetDependency;
			target = 1D1879F12A2CC8AA00827277 /* BingePodcast */;
			targetProxy = 1D187A162A2CC8AE00827277 /* PBXContainerItemProxy */;
		};
/* End PBXTargetDependency section */

/* Begin PBXVariantGroup section */
		1D1879FB2A2CC8AA00827277 /* Main.storyboard */ = {
			isa = PBXVariantGroup;
			children = (
				1D1879FC2A2CC8AA00827277 /* Base */,
			);
			name = Main.storyboard;
			sourceTree = "<group>";
		};
		1D187A032A2CC8AD00827277 /* LaunchScreen.storyboard */ = {
			isa = PBXVariantGroup;
			children = (
				1D187A042A2CC8AD00827277 /* Base */,
			);
			name = LaunchScreen.storyboard;
			sourceTree = "<group>";
		};
/* End PBXVariantGroup section */

/* Begin XCBuildConfiguration section */
		1D187A1D2A2CC8AE00827277 /* Debug */ = {
			isa = XCBuildConfiguration;
			buildSettings = {
				ALWAYS_SEARCH_USER_PATHS = NO;
				CLANG_ANALYZER_NONNULL = YES;
				CLANG_ANALYZER_NUMBER_OBJECT_CONVERSION = YES_AGGRESSIVE;
				CLANG_CXX_LANGUAGE_STANDARD = "gnu++20";
				CLANG_ENABLE_MODULES = YES;
				CLANG_ENABLE_OBJC_ARC = YES;
				CLANG_ENABLE_OBJC_WEAK = YES;
				CLANG_WARN_BLOCK_CAPTURE_AUTORELEASING = YES;
				CLANG_WARN_BOOL_CONVERSION = YES;
				CLANG_WARN_COMMA = YES;
				CLANG_WARN_CONSTANT_CONVERSION = YES;
				CLANG_WARN_DEPRECATED_OBJC_IMPLEMENTATIONS = YES;
				CLANG_WARN_DIRECT_OBJC_ISA_USAGE = YES_ERROR;
				CLANG_WARN_DOCUMENTATION_COMMENTS = YES;
				CLANG_WARN_EMPTY_BODY = YES;
				CLANG_WARN_ENUM_CONVERSION = YES;
				CLANG_WARN_INFINITE_RECURSION = YES;
				CLANG_WARN_INT_CONVERSION = YES;
				CLANG_WARN_NON_LITERAL_NULL_CONVERSION = YES;
				CLANG_WARN_OBJC_IMPLICIT_RETAIN_SELF = YES;
				CLANG_WARN_OBJC_LITERAL_CONVERSION = YES;
				CLANG_WARN_OBJC_ROOT_CLASS = YES_ERROR;
				CLANG_WARN_QUOTED_INCLUDE_IN_FRAMEWORK_HEADER = YES;
				CLANG_WARN_RANGE_LOOP_ANALYSIS = YES;
				CLANG_WARN_STRICT_PROTOTYPES = YES;
				CLANG_WARN_SUSPICIOUS_MOVE = YES;
				CLANG_WARN_UNGUARDED_AVAILABILITY = YES_AGGRESSIVE;
				CLANG_WARN_UNREACHABLE_CODE = YES;
				CLANG_WARN__DUPLICATE_METHOD_MATCH = YES;
				COPY_PHASE_STRIP = NO;
				DEBUG_INFORMATION_FORMAT = dwarf;
				ENABLE_STRICT_OBJC_MSGSEND = YES;
				ENABLE_TESTABILITY = YES;
				GCC_C_LANGUAGE_STANDARD = gnu11;
				GCC_DYNAMIC_NO_PIC = NO;
				GCC_NO_COMMON_BLOCKS = YES;
				GCC_OPTIMIZATION_LEVEL = 0;
				GCC_PREPROCESSOR_DEFINITIONS = (
					"DEBUG=1",
					"$(inherited)",
				);
				GCC_WARN_64_TO_32_BIT_CONVERSION = YES;
				GCC_WARN_ABOUT_RETURN_TYPE = YES_ERROR;
				GCC_WARN_UNDECLARED_SELECTOR = YES;
				GCC_WARN_UNINITIALIZED_AUTOS = YES_AGGRESSIVE;
				GCC_WARN_UNUSED_FUNCTION = YES;
				GCC_WARN_UNUSED_VARIABLE = YES;
				INFOPLIST_FILE = "${SRCROOT}/BingePodcast/Info.plist";
				IPHONEOS_DEPLOYMENT_TARGET = 14.0;
				MTL_ENABLE_DEBUG_INFO = INCLUDE_SOURCE;
				MTL_FAST_MATH = YES;
				ONLY_ACTIVE_ARCH = YES;
				SDKROOT = iphoneos;
				SWIFT_ACTIVE_COMPILATION_CONDITIONS = DEBUG;
				SWIFT_OPTIMIZATION_LEVEL = "-Onone";
			};
			name = Debug;
		};
		1D187A1E2A2CC8AE00827277 /* Release */ = {
			isa = XCBuildConfiguration;
			buildSettings = {
				ALWAYS_SEARCH_USER_PATHS = NO;
				CLANG_ANALYZER_NONNULL = YES;
				CLANG_ANALYZER_NUMBER_OBJECT_CONVERSION = YES_AGGRESSIVE;
				CLANG_CXX_LANGUAGE_STANDARD = "gnu++20";
				CLANG_ENABLE_MODULES = YES;
				CLANG_ENABLE_OBJC_ARC = YES;
				CLANG_ENABLE_OBJC_WEAK = YES;
				CLANG_WARN_BLOCK_CAPTURE_AUTORELEASING = YES;
				CLANG_WARN_BOOL_CONVERSION = YES;
				CLANG_WARN_COMMA = YES;
				CLANG_WARN_CONSTANT_CONVERSION = YES;
				CLANG_WARN_DEPRECATED_OBJC_IMPLEMENTATIONS = YES;
				CLANG_WARN_DIRECT_OBJC_ISA_USAGE = YES_ERROR;
				CLANG_WARN_DOCUMENTATION_COMMENTS = YES;
				CLANG_WARN_EMPTY_BODY = YES;
				CLANG_WARN_ENUM_CONVERSION = YES;
				CLANG_WARN_INFINITE_RECURSION = YES;
				CLANG_WARN_INT_CONVERSION = YES;
				CLANG_WARN_NON_LITERAL_NULL_CONVERSION = YES;
				CLANG_WARN_OBJC_IMPLICIT_RETAIN_SELF = YES;
				CLANG_WARN_OBJC_LITERAL_CONVERSION = YES;
				CLANG_WARN_OBJC_ROOT_CLASS = YES_ERROR;
				CLANG_WARN_QUOTED_INCLUDE_IN_FRAMEWORK_HEADER = YES;
				CLANG_WARN_RANGE_LOOP_ANALYSIS = YES;
				CLANG_WARN_STRICT_PROTOTYPES = YES;
				CLANG_WARN_SUSPICIOUS_MOVE = YES;
				CLANG_WARN_UNGUARDED_AVAILABILITY = YES_AGGRESSIVE;
				CLANG_WARN_UNREACHABLE_CODE = YES;
				CLANG_WARN__DUPLICATE_METHOD_MATCH = YES;
				COPY_PHASE_STRIP = NO;
				DEBUG_INFORMATION_FORMAT = "dwarf-with-dsym";
				ENABLE_NS_ASSERTIONS = NO;
				ENABLE_STRICT_OBJC_MSGSEND = YES;
				GCC_C_LANGUAGE_STANDARD = gnu11;
				GCC_NO_COMMON_BLOCKS = YES;
				GCC_WARN_64_TO_32_BIT_CONVERSION = YES;
				GCC_WARN_ABOUT_RETURN_TYPE = YES_ERROR;
				GCC_WARN_UNDECLARED_SELECTOR = YES;
				GCC_WARN_UNINITIALIZED_AUTOS = YES_AGGRESSIVE;
				GCC_WARN_UNUSED_FUNCTION = YES;
				GCC_WARN_UNUSED_VARIABLE = YES;
				INFOPLIST_FILE = "${SRCROOT}/BingePodcast/Info.plist";
				IPHONEOS_DEPLOYMENT_TARGET = 14.0;
				MTL_ENABLE_DEBUG_INFO = NO;
				MTL_FAST_MATH = YES;
				SDKROOT = iphoneos;
				SWIFT_COMPILATION_MODE = wholemodule;
				SWIFT_OPTIMIZATION_LEVEL = "-O";
				VALIDATE_PRODUCT = YES;
			};
			name = Release;
		};
		1D187A202A2CC8AE00827277 /* Debug */ = {
			isa = XCBuildConfiguration;
			baseConfigurationReference = 03B35CF9769C67A9DC79EB55 /* Pods-BingePodcast.debug.xcconfig */;
			buildSettings = {
				ASSETCATALOG_COMPILER_APPICON_NAME = AppIcon;
				ASSETCATALOG_COMPILER_GLOBAL_ACCENT_COLOR_NAME = AccentColor;
				ASSETCATALOG_COMPILER_INCLUDE_ALL_APPICON_ASSETS = YES;
				CODE_SIGN_IDENTITY = "Apple Development";
				CODE_SIGN_STYLE = Automatic;
				CURRENT_PROJECT_VERSION = 1;
				DEVELOPMENT_TEAM = P72QBKGC25;
				GENERATE_INFOPLIST_FILE = YES;
				INFOPLIST_FILE = "${SRCROOT}/BingePodcast/Info.plist";
				INFOPLIST_KEY_LSApplicationCategoryType = "public.app-category.music";
				INFOPLIST_KEY_UIApplicationSupportsIndirectInputEvents = YES;
				INFOPLIST_KEY_UILaunchStoryboardName = LaunchScreen.storyboard;
				INFOPLIST_KEY_UIMainStoryboardFile = Main;
				INFOPLIST_KEY_UIStatusBarStyle = "";
				INFOPLIST_KEY_UISupportedInterfaceOrientations = UIInterfaceOrientationPortrait;
				IPHONEOS_DEPLOYMENT_TARGET = 14.0;
				LD_RUNPATH_SEARCH_PATHS = (
					"$(inherited)",
					"@executable_path/Frameworks",
				);
				MARKETING_VERSION = 1.0;
				PRODUCT_BUNDLE_IDENTIFIER = com.calvignaccharles.BingePodcast;
				PRODUCT_NAME = "$(TARGET_NAME)";
				PROVISIONING_PROFILE_SPECIFIER = "";
				SUPPORTED_PLATFORMS = "iphoneos iphonesimulator";
				SUPPORTS_MACCATALYST = NO;
				SUPPORTS_MAC_DESIGNED_FOR_IPHONE_IPAD = YES;
				SWIFT_EMIT_LOC_STRINGS = YES;
				SWIFT_VERSION = 5.0;
				TARGETED_DEVICE_FAMILY = "1,2";
			};
			name = Debug;
		};
		1D187A212A2CC8AE00827277 /* Release */ = {
			isa = XCBuildConfiguration;
			baseConfigurationReference = C3D264B70B526E9DC75D6150 /* Pods-BingePodcast.release.xcconfig */;
			buildSettings = {
				ASSETCATALOG_COMPILER_APPICON_NAME = AppIcon;
				ASSETCATALOG_COMPILER_GLOBAL_ACCENT_COLOR_NAME = AccentColor;
				ASSETCATALOG_COMPILER_INCLUDE_ALL_APPICON_ASSETS = YES;
				CODE_SIGN_IDENTITY = "Apple Development";
				CODE_SIGN_STYLE = Automatic;
				CURRENT_PROJECT_VERSION = 1;
				DEVELOPMENT_TEAM = P72QBKGC25;
				GENERATE_INFOPLIST_FILE = YES;
				INFOPLIST_FILE = "${SRCROOT}/BingePodcast/Info.plist";
				INFOPLIST_KEY_LSApplicationCategoryType = "public.app-category.music";
				INFOPLIST_KEY_UIApplicationSupportsIndirectInputEvents = YES;
				INFOPLIST_KEY_UILaunchStoryboardName = LaunchScreen.storyboard;
				INFOPLIST_KEY_UIMainStoryboardFile = Main;
				INFOPLIST_KEY_UIStatusBarStyle = "";
				INFOPLIST_KEY_UISupportedInterfaceOrientations = UIInterfaceOrientationPortrait;
				IPHONEOS_DEPLOYMENT_TARGET = 14.0;
				LD_RUNPATH_SEARCH_PATHS = (
					"$(inherited)",
					"@executable_path/Frameworks",
				);
				MARKETING_VERSION = 1.0;
				PRODUCT_BUNDLE_IDENTIFIER = com.calvignaccharles.BingePodcast;
				PRODUCT_NAME = "$(TARGET_NAME)";
				PROVISIONING_PROFILE_SPECIFIER = "";
				SUPPORTED_PLATFORMS = "iphoneos iphonesimulator";
				SUPPORTS_MACCATALYST = NO;
				SUPPORTS_MAC_DESIGNED_FOR_IPHONE_IPAD = YES;
				SWIFT_EMIT_LOC_STRINGS = YES;
				SWIFT_VERSION = 5.0;
				TARGETED_DEVICE_FAMILY = "1,2";
			};
			name = Release;
		};
		1D187A232A2CC8AE00827277 /* Debug */ = {
			isa = XCBuildConfiguration;
			baseConfigurationReference = AF99FA8719AA1A2882CBAB12 /* Pods-BingePodcastTests.debug.xcconfig */;
			buildSettings = {
				ALWAYS_EMBED_SWIFT_STANDARD_LIBRARIES = YES;
				BUNDLE_LOADER = "$(TEST_HOST)";
				CODE_SIGN_STYLE = Automatic;
				CURRENT_PROJECT_VERSION = 1;
				DEVELOPMENT_TEAM = P72QBKGC25;
				GENERATE_INFOPLIST_FILE = YES;
				IPHONEOS_DEPLOYMENT_TARGET = 16.1;
				MARKETING_VERSION = 1.0;
				PRODUCT_BUNDLE_IDENTIFIER = com.calvignaccharles.BingePodcastTests;
				PRODUCT_NAME = "$(TARGET_NAME)";
				SUPPORTED_PLATFORMS = "iphoneos iphonesimulator";
				SUPPORTS_MACCATALYST = NO;
				SUPPORTS_MAC_DESIGNED_FOR_IPHONE_IPAD = NO;
				SWIFT_EMIT_LOC_STRINGS = NO;
				SWIFT_VERSION = 5.0;
				TARGETED_DEVICE_FAMILY = "1,2";
				TEST_HOST = "$(BUILT_PRODUCTS_DIR)/BingePodcast.app/$(BUNDLE_EXECUTABLE_FOLDER_PATH)/BingePodcast";
			};
			name = Debug;
		};
		1D187A242A2CC8AE00827277 /* Release */ = {
			isa = XCBuildConfiguration;
			baseConfigurationReference = 2A27D8FEFED8FFCB2F8383F9 /* Pods-BingePodcastTests.release.xcconfig */;
			buildSettings = {
				ALWAYS_EMBED_SWIFT_STANDARD_LIBRARIES = YES;
				BUNDLE_LOADER = "$(TEST_HOST)";
				CODE_SIGN_STYLE = Automatic;
				CURRENT_PROJECT_VERSION = 1;
				DEVELOPMENT_TEAM = P72QBKGC25;
				GENERATE_INFOPLIST_FILE = YES;
				IPHONEOS_DEPLOYMENT_TARGET = 16.1;
				MARKETING_VERSION = 1.0;
				PRODUCT_BUNDLE_IDENTIFIER = com.calvignaccharles.BingePodcastTests;
				PRODUCT_NAME = "$(TARGET_NAME)";
				SUPPORTED_PLATFORMS = "iphoneos iphonesimulator";
				SUPPORTS_MACCATALYST = NO;
				SUPPORTS_MAC_DESIGNED_FOR_IPHONE_IPAD = NO;
				SWIFT_EMIT_LOC_STRINGS = NO;
				SWIFT_VERSION = 5.0;
				TARGETED_DEVICE_FAMILY = "1,2";
				TEST_HOST = "$(BUILT_PRODUCTS_DIR)/BingePodcast.app/$(BUNDLE_EXECUTABLE_FOLDER_PATH)/BingePodcast";
			};
			name = Release;
		};
		1D187A262A2CC8AE00827277 /* Debug */ = {
			isa = XCBuildConfiguration;
			baseConfigurationReference = 9135F1FDEF5EFAB128CCC592 /* Pods-BingePodcastUITests.debug.xcconfig */;
			buildSettings = {
				ALWAYS_EMBED_SWIFT_STANDARD_LIBRARIES = YES;
				CODE_SIGN_STYLE = Automatic;
				CURRENT_PROJECT_VERSION = 1;
				DEVELOPMENT_TEAM = P72QBKGC25;
				GENERATE_INFOPLIST_FILE = YES;
				MARKETING_VERSION = 1.0;
				PRODUCT_BUNDLE_IDENTIFIER = com.calvignaccharles.BingePodcastUITests;
				PRODUCT_NAME = "$(TARGET_NAME)";
				SUPPORTED_PLATFORMS = "iphoneos iphonesimulator";
				SUPPORTS_MACCATALYST = NO;
				SUPPORTS_MAC_DESIGNED_FOR_IPHONE_IPAD = YES;
				SWIFT_EMIT_LOC_STRINGS = NO;
				SWIFT_VERSION = 5.0;
				TARGETED_DEVICE_FAMILY = "1,2";
				TEST_TARGET_NAME = BingePodcast;
			};
			name = Debug;
		};
		1D187A272A2CC8AE00827277 /* Release */ = {
			isa = XCBuildConfiguration;
			baseConfigurationReference = 5E7971384F985948960C594D /* Pods-BingePodcastUITests.release.xcconfig */;
			buildSettings = {
				ALWAYS_EMBED_SWIFT_STANDARD_LIBRARIES = YES;
				CODE_SIGN_STYLE = Automatic;
				CURRENT_PROJECT_VERSION = 1;
				DEVELOPMENT_TEAM = P72QBKGC25;
				GENERATE_INFOPLIST_FILE = YES;
				MARKETING_VERSION = 1.0;
				PRODUCT_BUNDLE_IDENTIFIER = com.calvignaccharles.BingePodcastUITests;
				PRODUCT_NAME = "$(TARGET_NAME)";
				SUPPORTED_PLATFORMS = "iphoneos iphonesimulator";
				SUPPORTS_MACCATALYST = NO;
				SUPPORTS_MAC_DESIGNED_FOR_IPHONE_IPAD = YES;
				SWIFT_EMIT_LOC_STRINGS = NO;
				SWIFT_VERSION = 5.0;
				TARGETED_DEVICE_FAMILY = "1,2";
				TEST_TARGET_NAME = BingePodcast;
			};
			name = Release;
		};
/* End XCBuildConfiguration section */

/* Begin XCConfigurationList section */
		1D1879ED2A2CC8AA00827277 /* Build configuration list for PBXProject "BingePodcast" */ = {
			isa = XCConfigurationList;
			buildConfigurations = (
				1D187A1D2A2CC8AE00827277 /* Debug */,
				1D187A1E2A2CC8AE00827277 /* Release */,
			);
			defaultConfigurationIsVisible = 0;
			defaultConfigurationName = Release;
		};
		1D187A1F2A2CC8AE00827277 /* Build configuration list for PBXNativeTarget "BingePodcast" */ = {
			isa = XCConfigurationList;
			buildConfigurations = (
				1D187A202A2CC8AE00827277 /* Debug */,
				1D187A212A2CC8AE00827277 /* Release */,
			);
			defaultConfigurationIsVisible = 0;
			defaultConfigurationName = Release;
		};
		1D187A222A2CC8AE00827277 /* Build configuration list for PBXNativeTarget "BingePodcastTests" */ = {
			isa = XCConfigurationList;
			buildConfigurations = (
				1D187A232A2CC8AE00827277 /* Debug */,
				1D187A242A2CC8AE00827277 /* Release */,
			);
			defaultConfigurationIsVisible = 0;
			defaultConfigurationName = Release;
		};
		1D187A252A2CC8AE00827277 /* Build configuration list for PBXNativeTarget "BingePodcastUITests" */ = {
			isa = XCConfigurationList;
			buildConfigurations = (
				1D187A262A2CC8AE00827277 /* Debug */,
				1D187A272A2CC8AE00827277 /* Release */,
			);
			defaultConfigurationIsVisible = 0;
			defaultConfigurationName = Release;
		};
/* End XCConfigurationList section */

/* Begin XCRemoteSwiftPackageReference section */
		1D986AB22A2E151900D26CEB /* XCRemoteSwiftPackageReference "firebase-ios-sdk" */ = {
			isa = XCRemoteSwiftPackageReference;
			repositoryURL = "https://github.com/firebase/firebase-ios-sdk";
			requirement = {
				kind = upToNextMajorVersion;
				minimumVersion = 9.0.0;
			};
		};
/* End XCRemoteSwiftPackageReference section */

/* Begin XCSwiftPackageProductDependency section */
		1D986AB32A2E151900D26CEB /* FirebaseAnalytics */ = {
			isa = XCSwiftPackageProductDependency;
			package = 1D986AB22A2E151900D26CEB /* XCRemoteSwiftPackageReference "firebase-ios-sdk" */;
			productName = FirebaseAnalytics;
		};
		1D986AB52A2E151900D26CEB /* FirebaseAnalyticsOnDeviceConversion */ = {
			isa = XCSwiftPackageProductDependency;
			package = 1D986AB22A2E151900D26CEB /* XCRemoteSwiftPackageReference "firebase-ios-sdk" */;
			productName = FirebaseAnalyticsOnDeviceConversion;
		};
		1D986AB72A2E151900D26CEB /* FirebaseAnalyticsSwift */ = {
			isa = XCSwiftPackageProductDependency;
			package = 1D986AB22A2E151900D26CEB /* XCRemoteSwiftPackageReference "firebase-ios-sdk" */;
			productName = FirebaseAnalyticsSwift;
		};
		1D986AB92A2E151900D26CEB /* FirebaseAnalyticsWithoutAdIdSupport */ = {
			isa = XCSwiftPackageProductDependency;
			package = 1D986AB22A2E151900D26CEB /* XCRemoteSwiftPackageReference "firebase-ios-sdk" */;
			productName = FirebaseAnalyticsWithoutAdIdSupport;
		};
		1D986ABB2A2E151900D26CEB /* FirebaseAppCheck */ = {
			isa = XCSwiftPackageProductDependency;
			package = 1D986AB22A2E151900D26CEB /* XCRemoteSwiftPackageReference "firebase-ios-sdk" */;
			productName = FirebaseAppCheck;
		};
		1D986ABD2A2E151900D26CEB /* FirebaseAppDistribution-Beta */ = {
			isa = XCSwiftPackageProductDependency;
			package = 1D986AB22A2E151900D26CEB /* XCRemoteSwiftPackageReference "firebase-ios-sdk" */;
			productName = "FirebaseAppDistribution-Beta";
		};
		1D986ABF2A2E151900D26CEB /* FirebaseAuth */ = {
			isa = XCSwiftPackageProductDependency;
			package = 1D986AB22A2E151900D26CEB /* XCRemoteSwiftPackageReference "firebase-ios-sdk" */;
			productName = FirebaseAuth;
		};
		1D986AC12A2E151900D26CEB /* FirebaseAuthCombine-Community */ = {
			isa = XCSwiftPackageProductDependency;
			package = 1D986AB22A2E151900D26CEB /* XCRemoteSwiftPackageReference "firebase-ios-sdk" */;
			productName = "FirebaseAuthCombine-Community";
		};
		1D986AC32A2E151900D26CEB /* FirebaseCrashlytics */ = {
			isa = XCSwiftPackageProductDependency;
			package = 1D986AB22A2E151900D26CEB /* XCRemoteSwiftPackageReference "firebase-ios-sdk" */;
			productName = FirebaseCrashlytics;
		};
		1D986AC52A2E151900D26CEB /* FirebaseDatabase */ = {
			isa = XCSwiftPackageProductDependency;
			package = 1D986AB22A2E151900D26CEB /* XCRemoteSwiftPackageReference "firebase-ios-sdk" */;
			productName = FirebaseDatabase;
		};
		1D986AC72A2E151900D26CEB /* FirebaseDatabaseSwift */ = {
			isa = XCSwiftPackageProductDependency;
			package = 1D986AB22A2E151900D26CEB /* XCRemoteSwiftPackageReference "firebase-ios-sdk" */;
			productName = FirebaseDatabaseSwift;
		};
		1D986AC92A2E151900D26CEB /* FirebaseDynamicLinks */ = {
			isa = XCSwiftPackageProductDependency;
			package = 1D986AB22A2E151900D26CEB /* XCRemoteSwiftPackageReference "firebase-ios-sdk" */;
			productName = FirebaseDynamicLinks;
		};
		1D986ACB2A2E151900D26CEB /* FirebaseFirestore */ = {
			isa = XCSwiftPackageProductDependency;
			package = 1D986AB22A2E151900D26CEB /* XCRemoteSwiftPackageReference "firebase-ios-sdk" */;
			productName = FirebaseFirestore;
		};
		1D986ACD2A2E151900D26CEB /* FirebaseFirestoreCombine-Community */ = {
			isa = XCSwiftPackageProductDependency;
			package = 1D986AB22A2E151900D26CEB /* XCRemoteSwiftPackageReference "firebase-ios-sdk" */;
			productName = "FirebaseFirestoreCombine-Community";
		};
		1D986ACF2A2E151900D26CEB /* FirebaseFirestoreSwift */ = {
			isa = XCSwiftPackageProductDependency;
			package = 1D986AB22A2E151900D26CEB /* XCRemoteSwiftPackageReference "firebase-ios-sdk" */;
			productName = FirebaseFirestoreSwift;
		};
		1D986AD12A2E151900D26CEB /* FirebaseFunctions */ = {
			isa = XCSwiftPackageProductDependency;
			package = 1D986AB22A2E151900D26CEB /* XCRemoteSwiftPackageReference "firebase-ios-sdk" */;
			productName = FirebaseFunctions;
		};
		1D986AD32A2E151900D26CEB /* FirebaseFunctionsCombine-Community */ = {
			isa = XCSwiftPackageProductDependency;
			package = 1D986AB22A2E151900D26CEB /* XCRemoteSwiftPackageReference "firebase-ios-sdk" */;
			productName = "FirebaseFunctionsCombine-Community";
		};
		1D986AD52A2E151900D26CEB /* FirebaseInAppMessaging-Beta */ = {
			isa = XCSwiftPackageProductDependency;
			package = 1D986AB22A2E151900D26CEB /* XCRemoteSwiftPackageReference "firebase-ios-sdk" */;
			productName = "FirebaseInAppMessaging-Beta";
		};
		1D986AD72A2E151900D26CEB /* FirebaseInAppMessagingSwift-Beta */ = {
			isa = XCSwiftPackageProductDependency;
			package = 1D986AB22A2E151900D26CEB /* XCRemoteSwiftPackageReference "firebase-ios-sdk" */;
			productName = "FirebaseInAppMessagingSwift-Beta";
		};
		1D986AD92A2E151900D26CEB /* FirebaseInstallations */ = {
			isa = XCSwiftPackageProductDependency;
			package = 1D986AB22A2E151900D26CEB /* XCRemoteSwiftPackageReference "firebase-ios-sdk" */;
			productName = FirebaseInstallations;
		};
		1D986ADB2A2E151900D26CEB /* FirebaseMLModelDownloader */ = {
			isa = XCSwiftPackageProductDependency;
			package = 1D986AB22A2E151900D26CEB /* XCRemoteSwiftPackageReference "firebase-ios-sdk" */;
			productName = FirebaseMLModelDownloader;
		};
		1D986ADD2A2E151900D26CEB /* FirebaseMessaging */ = {
			isa = XCSwiftPackageProductDependency;
			package = 1D986AB22A2E151900D26CEB /* XCRemoteSwiftPackageReference "firebase-ios-sdk" */;
			productName = FirebaseMessaging;
		};
		1D986ADF2A2E151900D26CEB /* FirebasePerformance */ = {
			isa = XCSwiftPackageProductDependency;
			package = 1D986AB22A2E151900D26CEB /* XCRemoteSwiftPackageReference "firebase-ios-sdk" */;
			productName = FirebasePerformance;
		};
		1D986AE12A2E151900D26CEB /* FirebaseRemoteConfig */ = {
			isa = XCSwiftPackageProductDependency;
			package = 1D986AB22A2E151900D26CEB /* XCRemoteSwiftPackageReference "firebase-ios-sdk" */;
			productName = FirebaseRemoteConfig;
		};
		1D986AE32A2E151900D26CEB /* FirebaseRemoteConfigSwift */ = {
			isa = XCSwiftPackageProductDependency;
			package = 1D986AB22A2E151900D26CEB /* XCRemoteSwiftPackageReference "firebase-ios-sdk" */;
			productName = FirebaseRemoteConfigSwift;
		};
		1D986AE52A2E151900D26CEB /* FirebaseStorage */ = {
			isa = XCSwiftPackageProductDependency;
			package = 1D986AB22A2E151900D26CEB /* XCRemoteSwiftPackageReference "firebase-ios-sdk" */;
			productName = FirebaseStorage;
		};
		1D986AE72A2E151900D26CEB /* FirebaseStorageCombine-Community */ = {
			isa = XCSwiftPackageProductDependency;
			package = 1D986AB22A2E151900D26CEB /* XCRemoteSwiftPackageReference "firebase-ios-sdk" */;
			productName = "FirebaseStorageCombine-Community";
		};
/* End XCSwiftPackageProductDependency section */

/* Begin XCVersionGroup section */
		1D1879FE2A2CC8AA00827277 /* BingePodcast.xcdatamodeld */ = {
			isa = XCVersionGroup;
			children = (
				1D1879FF2A2CC8AA00827277 /* BingePodcast.xcdatamodel */,
			);
			currentVersion = 1D1879FF2A2CC8AA00827277 /* BingePodcast.xcdatamodel */;
			path = BingePodcast.xcdatamodeld;
			sourceTree = "<group>";
			versionGroupType = wrapper.xcdatamodel;
		};
/* End XCVersionGroup section */
	};
	rootObject = 1D1879EA2A2CC8AA00827277 /* Project object */;
}
